
Microsoft Visual Studio Solution File, Format Version 12.00
# Visual Studio 14
VisualStudioVersion = 14.0.25420.1
MinimumVisualStudioVersion = 10.0.40219.1
Project("{FAE04EC0-301F-11D3-BF4B-00C04F79EFBC}") = "Example01", "Example01\Example01.csproj", "{3F9F8BCA-3BB3-459B-9ED5-B60DC1D3B595}"
EndProject
Project("{FAE04EC0-301F-11D3-BF4B-00C04F79EFBC}") = "Example02", "Example02\Example02.csproj", "{ACFD20F3-CC6B-440B-AAEC-7D67A36D362C}"
EndProject
Global
	GlobalSection(SolutionConfigurationPlatforms) = preSolution
		Debug|Any CPU = Debug|Any CPU
		Release|Any CPU = Release|Any CPU
	EndGlobalSection
	GlobalSection(ProjectConfigurationPlatforms) = postSolution
		{3F9F8BCA-3BB3-459B-9ED5-B60DC1D3B595}.Debug|Any CPU.ActiveCfg = Debug|Any CPU
		{3F9F8BCA-3BB3-459B-9ED5-B60DC1D3B595}.Debug|Any CPU.Build.0 = Debug|Any CPU
		{3F9F8BCA-3BB3-459B-9ED5-B60DC1D3B595}.Release|Any CPU.ActiveCfg = Release|Any CPU
		{3F9F8BCA-3BB3-459B-9ED5-B60DC1D3B595}.Release|Any CPU.Build.0 = Release|Any CPU
		{ACFD20F3-CC6B-440B-AAEC-7D67A36D362C}.Debug|Any CPU.ActiveCfg = Debug|Any CPU
		{ACFD20F3-CC6B-440B-AAEC-7D67A36D362C}.Debug|Any CPU.Build.0 = Debug|Any CPU
		{ACFD20F3-CC6B-440B-AAEC-7D67A36D362C}.Release|Any CPU.ActiveCfg = Release|Any CPU
		{ACFD20F3-CC6B-440B-AAEC-7D67A36D362C}.Release|Any CPU.Build.0 = Release|Any CPU
	EndGlobalSection
	GlobalSection(SolutionProperties) = preSolution
		HideSolutionNode = FALSE
	EndGlobalSection
EndGlobal
